
Microsoft Visual Studio Solution File, Format Version 12.00
# Visual Studio Version 16
VisualStudioVersion = 16.0.31729.503
MinimumVisualStudioVersion = 10.0.40219.1
Project("{9A19103F-16F7-4668-BE54-9A1E7A4F7556}") = "Otus.Project.MainApi", "Otus.Project.MainApi\Otus.Project.MainApi.csproj", "{BE21B1B4-BBB2-4328-96A8-3B42C31A0ACB}"
EndProject
Project("{2150E333-8FDC-42A3-9474-1A3956D46DE8}") = "src", "src", "{A6F1B505-8977-4499-B203-E77472EAF233}"
EndProject
Project("{2150E333-8FDC-42A3-9474-1A3956D46DE8}") = "Solution Items", "Solution Items", "{C551978A-7083-4248-933C-CA5B1DD27C8F}"
	ProjectSection(SolutionItems) = preProject
		README.md = README.md
	EndProjectSection
EndProject
Project("{2150E333-8FDC-42A3-9474-1A3956D46DE8}") = "hw-1", "hw-1", "{FDB9E4EA-896C-46A6-BB00-7D6F171D5622}"
	ProjectSection(SolutionItems) = preProject
		k8s-manifests\hw-1\main-api.yaml = k8s-manifests\hw-1\main-api.yaml
		k8s-manifests\hw-1\README.md = k8s-manifests\hw-1\README.md
	EndProjectSection
EndProject
Project("{2150E333-8FDC-42A3-9474-1A3956D46DE8}") = "hw-2", "hw-2", "{62192023-EA97-49E0-80DE-E95F0824C7B9}"
	ProjectSection(SolutionItems) = preProject
		k8s-manifests\hw-2\postman_collection.json = k8s-manifests\hw-2\postman_collection.json
		k8s-manifests\hw-2\README.md = k8s-manifests\hw-2\README.md
	EndProjectSection
EndProject
Project("{9A19103F-16F7-4668-BE54-9A1E7A4F7556}") = "Otus.Project.CrudApi", "Otus.Project.CrudApi\Otus.Project.CrudApi.csproj", "{A800B9D8-9657-4179-B324-BA784D641124}"
EndProject
Project("{9A19103F-16F7-4668-BE54-9A1E7A4F7556}") = "Otus.Project.Orm", "Otus.Project.Orm\Otus.Project.Orm.csproj", "{85771DB9-C54F-418A-8195-4258FE80DB12}"
EndProject
Project("{9A19103F-16F7-4668-BE54-9A1E7A4F7556}") = "Otus.Project.Domain", "Otus.Project.Domain\Otus.Project.Domain.csproj", "{1B604824-FDAB-4BE1-8EF6-088E9ED38896}"
EndProject
Project("{2150E333-8FDC-42A3-9474-1A3956D46DE8}") = "crud-api-chart", "crud-api-chart", "{2AC8EA72-0622-4B1B-84B6-98B0CBB6DD1B}"
	ProjectSection(SolutionItems) = preProject
		k8s-manifests\hw-2\crud-api-chart\Chart.yaml = k8s-manifests\hw-2\crud-api-chart\Chart.yaml
		k8s-manifests\hw-2\crud-api-chart\values.yaml = k8s-manifests\hw-2\crud-api-chart\values.yaml
	EndProjectSection
EndProject
Project("{2150E333-8FDC-42A3-9474-1A3956D46DE8}") = "templates", "templates", "{ADFC092E-3EE0-433C-96BD-A30D3C71453A}"
	ProjectSection(SolutionItems) = preProject
		k8s-manifests\hw-2\crud-api-chart\templates\config.yaml = k8s-manifests\hw-2\crud-api-chart\templates\config.yaml
		k8s-manifests\hw-2\crud-api-chart\templates\deployment.yaml = k8s-manifests\hw-2\crud-api-chart\templates\deployment.yaml
		k8s-manifests\hw-2\crud-api-chart\templates\ingress.yaml = k8s-manifests\hw-2\crud-api-chart\templates\ingress.yaml
		k8s-manifests\hw-2\crud-api-chart\templates\job.yaml = k8s-manifests\hw-2\crud-api-chart\templates\job.yaml
		k8s-manifests\hw-2\crud-api-chart\templates\service.yaml = k8s-manifests\hw-2\crud-api-chart\templates\service.yaml
		k8s-manifests\hw-2\crud-api-chart\templates\servicemonitor.yaml = k8s-manifests\hw-2\crud-api-chart\templates\servicemonitor.yaml
	EndProjectSection
EndProject
Project("{2150E333-8FDC-42A3-9474-1A3956D46DE8}") = "postgres-chart", "postgres-chart", "{065CF99C-4C5C-4C96-A9CA-BCF7C0CACCE5}"
	ProjectSection(SolutionItems) = preProject
		k8s-manifests\hw-2\postgres-chart\values.yaml = k8s-manifests\hw-2\postgres-chart\values.yaml
	EndProjectSection
EndProject
Project("{2150E333-8FDC-42A3-9474-1A3956D46DE8}") = "hw-3", "hw-3", "{69BCB07E-FAA0-4F94-80C9-736C6F34B4DB}"
	ProjectSection(SolutionItems) = preProject
		k8s-manifests\hw-3\README.md = k8s-manifests\hw-3\README.md
	EndProjectSection
EndProject
Project("{2150E333-8FDC-42A3-9474-1A3956D46DE8}") = "prometheus-chart", "prometheus-chart", "{6AEDB7C7-E2E8-47CA-87D8-4BA13F1BF125}"
	ProjectSection(SolutionItems) = preProject
		k8s-manifests\hw-3\prometheus-chart\grafana_configmap.yaml = k8s-manifests\hw-3\prometheus-chart\grafana_configmap.yaml
		k8s-manifests\hw-3\prometheus-chart\grafana_dashboard.json = k8s-manifests\hw-3\prometheus-chart\grafana_dashboard.json
		k8s-manifests\hw-3\prometheus-chart\values.yaml = k8s-manifests\hw-3\prometheus-chart\values.yaml
	EndProjectSection
EndProject
Project("{2150E333-8FDC-42A3-9474-1A3956D46DE8}") = "ingress-nginx-chart", "ingress-nginx-chart", "{58539CD0-3C34-481A-949E-B7B5D3DDF004}"
	ProjectSection(SolutionItems) = preProject
		k8s-manifests\hw-3\ingress-nginx-chart\values.yaml = k8s-manifests\hw-3\ingress-nginx-chart\values.yaml
	EndProjectSection
EndProject
Project("{2150E333-8FDC-42A3-9474-1A3956D46DE8}") = "hw-4", "hw-4", "{1C2F3222-FE66-4E92-87B0-2006C05C709E}"
	ProjectSection(SolutionItems) = preProject
		k8s-manifests\hw-4\README.md = k8s-manifests\hw-4\README.md
	EndProjectSection
EndProject
Project("{2150E333-8FDC-42A3-9474-1A3956D46DE8}") = "test-api", "test-api", "{AECE64C1-FE33-4585-B23B-7AFD3AC554EA}"
	ProjectSection(SolutionItems) = preProject
		k8s-manifests\hw-4\test-api\two_versions_of_api.yaml = k8s-manifests\hw-4\test-api\two_versions_of_api.yaml
	EndProjectSection
EndProject
Project("{2150E333-8FDC-42A3-9474-1A3956D46DE8}") = "istio-gateway", "istio-gateway", "{AF1AB557-1146-47FF-B447-9A928D8D8C7E}"
	ProjectSection(SolutionItems) = preProject
		k8s-manifests\hw-4\istio-gateway\manifest.yaml = k8s-manifests\hw-4\istio-gateway\manifest.yaml
	EndProjectSection
EndProject
Project("{2150E333-8FDC-42A3-9474-1A3956D46DE8}") = "hw-5", "hw-5", "{C94DBAA3-3141-4E07-A2AE-EA9C5DD20961}"
	ProjectSection(SolutionItems) = preProject
		k8s-manifests\hw-5\postman_collection.json = k8s-manifests\hw-5\postman_collection.json
		k8s-manifests\hw-5\README.md = k8s-manifests\hw-5\README.md
		k8s-manifests\hw-5\schema.plantuml = k8s-manifests\hw-5\schema.plantuml
	EndProjectSection
EndProject
Project("{2150E333-8FDC-42A3-9474-1A3956D46DE8}") = "auth-api-chart", "auth-api-chart", "{AA730BB2-FACD-4CEE-BA85-185115E5C713}"
	ProjectSection(SolutionItems) = preProject
		k8s-manifests\hw-5\auth-api-chart\Chart.yaml = k8s-manifests\hw-5\auth-api-chart\Chart.yaml
		k8s-manifests\hw-5\auth-api-chart\values.yaml = k8s-manifests\hw-5\auth-api-chart\values.yaml
	EndProjectSection
EndProject
Project("{9A19103F-16F7-4668-BE54-9A1E7A4F7556}") = "Otus.Project.AuthApi", "Otus.Project.AuthApi\Otus.Project.AuthApi.csproj", "{B7838A37-3AAA-4489-BE9D-C58596938EAE}"
EndProject
Project("{2150E333-8FDC-42A3-9474-1A3956D46DE8}") = "templates", "templates", "{B32B43E7-1FDC-495E-BCF8-EC4233D5E214}"
	ProjectSection(SolutionItems) = preProject
		k8s-manifests\hw-5\auth-api-chart\templates\config.yaml = k8s-manifests\hw-5\auth-api-chart\templates\config.yaml
		k8s-manifests\hw-5\auth-api-chart\templates\deployment.yaml = k8s-manifests\hw-5\auth-api-chart\templates\deployment.yaml
		k8s-manifests\hw-5\auth-api-chart\templates\ingress.yaml = k8s-manifests\hw-5\auth-api-chart\templates\ingress.yaml
		k8s-manifests\hw-5\auth-api-chart\templates\service.yaml = k8s-manifests\hw-5\auth-api-chart\templates\service.yaml
	EndProjectSection
EndProject
Project("{2150E333-8FDC-42A3-9474-1A3956D46DE8}") = "crud-api-chart", "crud-api-chart", "{EAB81FFD-4B37-4C5B-A331-4425ADB00EE9}"
	ProjectSection(SolutionItems) = preProject
		k8s-manifests\hw-5\crud-api-chart\Chart.yaml = k8s-manifests\hw-5\crud-api-chart\Chart.yaml
		k8s-manifests\hw-5\crud-api-chart\values.yaml = k8s-manifests\hw-5\crud-api-chart\values.yaml
	EndProjectSection
EndProject
Project("{2150E333-8FDC-42A3-9474-1A3956D46DE8}") = "postgres-chart", "postgres-chart", "{13C368A9-F1C0-447E-9577-DA9AEB934F6F}"
	ProjectSection(SolutionItems) = preProject
		k8s-manifests\hw-5\postgres-chart\values.yaml = k8s-manifests\hw-5\postgres-chart\values.yaml
	EndProjectSection
EndProject
Project("{2150E333-8FDC-42A3-9474-1A3956D46DE8}") = "templates", "templates", "{C029201C-0BE8-47F5-B6AA-1553E7973A84}"
	ProjectSection(SolutionItems) = preProject
		k8s-manifests\hw-5\crud-api-chart\templates\config.yaml = k8s-manifests\hw-5\crud-api-chart\templates\config.yaml
		k8s-manifests\hw-5\crud-api-chart\templates\deployment.yaml = k8s-manifests\hw-5\crud-api-chart\templates\deployment.yaml
		k8s-manifests\hw-5\crud-api-chart\templates\ingress.yaml = k8s-manifests\hw-5\crud-api-chart\templates\ingress.yaml
		k8s-manifests\hw-5\crud-api-chart\templates\job.yaml = k8s-manifests\hw-5\crud-api-chart\templates\job.yaml
		k8s-manifests\hw-5\crud-api-chart\templates\service.yaml = k8s-manifests\hw-5\crud-api-chart\templates\service.yaml
	EndProjectSection
EndProject
Project("{9A19103F-16F7-4668-BE54-9A1E7A4F7556}") = "Otus.Project.BillingApi", "Otus.Project.BillingApi\Otus.Project.BillingApi.csproj", "{002F1A27-A090-47A8-AB69-D56ABBE87FFF}"
EndProject
Project("{2150E333-8FDC-42A3-9474-1A3956D46DE8}") = "hw-6", "hw-6", "{593CF09E-A9D5-479C-A0BF-10E14C9650C9}"
	ProjectSection(SolutionItems) = preProject
		k8s-manifests\hw-6\postman_collection.json = k8s-manifests\hw-6\postman_collection.json
		k8s-manifests\hw-6\README.md = k8s-manifests\hw-6\README.md
		k8s-manifests\hw-6\schema.plantuml = k8s-manifests\hw-6\schema.plantuml
	EndProjectSection
EndProject
Project("{9A19103F-16F7-4668-BE54-9A1E7A4F7556}") = "Otus.Project.OrderApi", "Otus.Project.OrderApi\Otus.Project.OrderApi.csproj", "{CF2475AA-6FDE-4D64-84F1-C4098E61B296}"
EndProject
Project("{9A19103F-16F7-4668-BE54-9A1E7A4F7556}") = "Otus.Project.NotificationApi", "Otus.Project.NotificationApi\Otus.Project.NotificationApi.csproj", "{91BF443A-252B-4DF5-84C5-8D6ABEC84F72}"
EndProject
Project("{9A19103F-16F7-4668-BE54-9A1E7A4F7556}") = "Otus.Project.MessageBus.Contracts", "Otus.Project.MessageBus.Contracts\Otus.Project.MessageBus.Contracts.csproj", "{1812485D-A28E-4552-A11F-FB3BA1542E3A}"
EndProject
Project("{2150E333-8FDC-42A3-9474-1A3956D46DE8}") = "postgres-chart", "postgres-chart", "{DBB0770E-D20A-40EF-8546-ADD3BB49A860}"
	ProjectSection(SolutionItems) = preProject
		k8s-manifests\hw-6\postgres-chart\values.yaml = k8s-manifests\hw-6\postgres-chart\values.yaml
	EndProjectSection
EndProject
Project("{2150E333-8FDC-42A3-9474-1A3956D46DE8}") = "crud-api-chart", "crud-api-chart", "{08D23217-1D09-4717-B503-2B3852BB35F1}"
	ProjectSection(SolutionItems) = preProject
		k8s-manifests\hw-6\crud-api-chart\Chart.yaml = k8s-manifests\hw-6\crud-api-chart\Chart.yaml
		k8s-manifests\hw-6\crud-api-chart\values.yaml = k8s-manifests\hw-6\crud-api-chart\values.yaml
	EndProjectSection
EndProject
Project("{2150E333-8FDC-42A3-9474-1A3956D46DE8}") = "auth-api-chart", "auth-api-chart", "{75776B13-AE32-4258-8C68-B07BA2313068}"
	ProjectSection(SolutionItems) = preProject
		k8s-manifests\hw-6\auth-api-chart\Chart.yaml = k8s-manifests\hw-6\auth-api-chart\Chart.yaml
		k8s-manifests\hw-6\auth-api-chart\values.yaml = k8s-manifests\hw-6\auth-api-chart\values.yaml
	EndProjectSection
EndProject
Project("{2150E333-8FDC-42A3-9474-1A3956D46DE8}") = "templates", "templates", "{17199DC2-9BFD-4433-8A15-94788C73C513}"
	ProjectSection(SolutionItems) = preProject
		k8s-manifests\hw-6\auth-api-chart\templates\config.yaml = k8s-manifests\hw-6\auth-api-chart\templates\config.yaml
		k8s-manifests\hw-6\auth-api-chart\templates\deployment.yaml = k8s-manifests\hw-6\auth-api-chart\templates\deployment.yaml
		k8s-manifests\hw-6\auth-api-chart\templates\ingress.yaml = k8s-manifests\hw-6\auth-api-chart\templates\ingress.yaml
		k8s-manifests\hw-6\auth-api-chart\templates\service.yaml = k8s-manifests\hw-6\auth-api-chart\templates\service.yaml
	EndProjectSection
EndProject
Project("{2150E333-8FDC-42A3-9474-1A3956D46DE8}") = "templates", "templates", "{35D3EB27-9E42-49A7-B805-5C328FE4728A}"
	ProjectSection(SolutionItems) = preProject
		k8s-manifests\hw-6\crud-api-chart\templates\config.yaml = k8s-manifests\hw-6\crud-api-chart\templates\config.yaml
		k8s-manifests\hw-6\crud-api-chart\templates\deployment.yaml = k8s-manifests\hw-6\crud-api-chart\templates\deployment.yaml
		k8s-manifests\hw-6\crud-api-chart\templates\ingress.yaml = k8s-manifests\hw-6\crud-api-chart\templates\ingress.yaml
		k8s-manifests\hw-6\crud-api-chart\templates\job.yaml = k8s-manifests\hw-6\crud-api-chart\templates\job.yaml
		k8s-manifests\hw-6\crud-api-chart\templates\service.yaml = k8s-manifests\hw-6\crud-api-chart\templates\service.yaml
	EndProjectSection
EndProject
Project("{2150E333-8FDC-42A3-9474-1A3956D46DE8}") = "billing-api-chart", "billing-api-chart", "{E3EDAFAD-5E2B-484E-9A04-D0B85A1DEC8E}"
	ProjectSection(SolutionItems) = preProject
		k8s-manifests\hw-6\billing-api-chart\Chart.yaml = k8s-manifests\hw-6\billing-api-chart\Chart.yaml
		k8s-manifests\hw-6\billing-api-chart\values.yaml = k8s-manifests\hw-6\billing-api-chart\values.yaml
	EndProjectSection
EndProject
Project("{2150E333-8FDC-42A3-9474-1A3956D46DE8}") = "templates", "templates", "{0C8E13F7-7368-4CDE-AA6A-A12FC0D1326C}"
	ProjectSection(SolutionItems) = preProject
		k8s-manifests\hw-6\billing-api-chart\templates\config.yaml = k8s-manifests\hw-6\billing-api-chart\templates\config.yaml
		k8s-manifests\hw-6\billing-api-chart\templates\deployment.yaml = k8s-manifests\hw-6\billing-api-chart\templates\deployment.yaml
		k8s-manifests\hw-6\billing-api-chart\templates\ingress.yaml = k8s-manifests\hw-6\billing-api-chart\templates\ingress.yaml
		k8s-manifests\hw-6\billing-api-chart\templates\service.yaml = k8s-manifests\hw-6\billing-api-chart\templates\service.yaml
	EndProjectSection
EndProject
Project("{2150E333-8FDC-42A3-9474-1A3956D46DE8}") = "rabbitmq-chart", "rabbitmq-chart", "{2CFC6458-FA88-4CA5-A609-650ABBFBD940}"
	ProjectSection(SolutionItems) = preProject
		k8s-manifests\hw-6\rabbitmq-chart\values.yaml = k8s-manifests\hw-6\rabbitmq-chart\values.yaml
	EndProjectSection
EndProject
Project("{2150E333-8FDC-42A3-9474-1A3956D46DE8}") = "notification-api-chart", "notification-api-chart", "{DF5394F7-DF06-4620-BBC6-3EB5374E4B97}"
	ProjectSection(SolutionItems) = preProject
		k8s-manifests\hw-6\notification-api-chart\Chart.yaml = k8s-manifests\hw-6\notification-api-chart\Chart.yaml
		k8s-manifests\hw-6\notification-api-chart\values.yaml = k8s-manifests\hw-6\notification-api-chart\values.yaml
	EndProjectSection
EndProject
Project("{2150E333-8FDC-42A3-9474-1A3956D46DE8}") = "templates", "templates", "{5841A84D-FCDA-4ED5-9299-7AE2A94D3B79}"
	ProjectSection(SolutionItems) = preProject
		k8s-manifests\hw-6\notification-api-chart\templates\config.yaml = k8s-manifests\hw-6\notification-api-chart\templates\config.yaml
		k8s-manifests\hw-6\notification-api-chart\templates\deployment.yaml = k8s-manifests\hw-6\notification-api-chart\templates\deployment.yaml
		k8s-manifests\hw-6\notification-api-chart\templates\ingress.yaml = k8s-manifests\hw-6\notification-api-chart\templates\ingress.yaml
		k8s-manifests\hw-6\notification-api-chart\templates\service.yaml = k8s-manifests\hw-6\notification-api-chart\templates\service.yaml
	EndProjectSection
EndProject
Project("{2150E333-8FDC-42A3-9474-1A3956D46DE8}") = "order-api-chart", "order-api-chart", "{416ECD86-83B0-4454-8320-56FA587217A6}"
	ProjectSection(SolutionItems) = preProject
		k8s-manifests\hw-6\order-api-chart\Chart.yaml = k8s-manifests\hw-6\order-api-chart\Chart.yaml
		k8s-manifests\hw-6\order-api-chart\values.yaml = k8s-manifests\hw-6\order-api-chart\values.yaml
	EndProjectSection
EndProject
Project("{2150E333-8FDC-42A3-9474-1A3956D46DE8}") = "templates", "templates", "{066720F4-A358-461E-AB91-2314BE8EDAC1}"
	ProjectSection(SolutionItems) = preProject
		k8s-manifests\hw-6\order-api-chart\templates\config.yaml = k8s-manifests\hw-6\order-api-chart\templates\config.yaml
		k8s-manifests\hw-6\order-api-chart\templates\deployment.yaml = k8s-manifests\hw-6\order-api-chart\templates\deployment.yaml
		k8s-manifests\hw-6\order-api-chart\templates\ingress.yaml = k8s-manifests\hw-6\order-api-chart\templates\ingress.yaml
		k8s-manifests\hw-6\order-api-chart\templates\service.yaml = k8s-manifests\hw-6\order-api-chart\templates\service.yaml
	EndProjectSection
EndProject
Project("{2150E333-8FDC-42A3-9474-1A3956D46DE8}") = "hw-7", "hw-7", "{766ECCCD-6BCE-478E-B924-6FB5A6799B76}"
	ProjectSection(SolutionItems) = preProject
		k8s-manifests\hw-7\postman_collection.json = k8s-manifests\hw-7\postman_collection.json
		k8s-manifests\hw-7\README.md = k8s-manifests\hw-7\README.md
		k8s-manifests\hw-7\schema.plantuml = k8s-manifests\hw-7\schema.plantuml
	EndProjectSection
EndProject
Project("{2150E333-8FDC-42A3-9474-1A3956D46DE8}") = "hw-9", "hw-9", "{847C30E0-613C-4297-86DB-068D10D4DC92}"
	ProjectSection(SolutionItems) = preProject
		k8s-manifests\hw-9\postman_collection.json = k8s-manifests\hw-9\postman_collection.json
		k8s-manifests\hw-9\README.md = k8s-manifests\hw-9\README.md
		k8s-manifests\hw-9\schema.plantuml = k8s-manifests\hw-9\schema.plantuml
	EndProjectSection
EndProject
Project("{9A19103F-16F7-4668-BE54-9A1E7A4F7556}") = "Otus.Project.StockApi", "Otus.Project.StockApi\Otus.Project.StockApi.csproj", "{2BA2B4C8-A4D9-49A3-8FB9-8445EC4C7005}"
EndProject
Project("{9A19103F-16F7-4668-BE54-9A1E7A4F7556}") = "Otus.Project.DeliveryApi", "Otus.Project.DeliveryApi\Otus.Project.DeliveryApi.csproj", "{A2F8F60A-7625-4CA3-B7C0-3B5F42C6350C}"
EndProject
Project("{2150E333-8FDC-42A3-9474-1A3956D46DE8}") = "delivery-api-chart", "delivery-api-chart", "{542C2667-35C2-4705-9674-F39209BD679D}"
	ProjectSection(SolutionItems) = preProject
		k8s-manifests\hw-6\delivery-api-chart\Chart.yaml = k8s-manifests\hw-6\delivery-api-chart\Chart.yaml
		k8s-manifests\hw-6\delivery-api-chart\values.yaml = k8s-manifests\hw-6\delivery-api-chart\values.yaml
	EndProjectSection
EndProject
Project("{2150E333-8FDC-42A3-9474-1A3956D46DE8}") = "stock-api-chart", "stock-api-chart", "{580AB884-E0ED-4D2A-8377-033C6020DDBD}"
	ProjectSection(SolutionItems) = preProject
		k8s-manifests\hw-6\stock-api-chart\Chart.yaml = k8s-manifests\hw-6\stock-api-chart\Chart.yaml
		k8s-manifests\hw-6\stock-api-chart\values.yaml = k8s-manifests\hw-6\stock-api-chart\values.yaml
	EndProjectSection
EndProject
Project("{2150E333-8FDC-42A3-9474-1A3956D46DE8}") = "templates", "templates", "{B6ADCE66-C493-4986-9F6E-AD1AECD9D584}"
	ProjectSection(SolutionItems) = preProject
		k8s-manifests\hw-6\delivery-api-chart\templates\config.yaml = k8s-manifests\hw-6\delivery-api-chart\templates\config.yaml
		k8s-manifests\hw-6\delivery-api-chart\templates\deployment.yaml = k8s-manifests\hw-6\delivery-api-chart\templates\deployment.yaml
		k8s-manifests\hw-6\delivery-api-chart\templates\ingress.yaml = k8s-manifests\hw-6\delivery-api-chart\templates\ingress.yaml
		k8s-manifests\hw-6\delivery-api-chart\templates\service.yaml = k8s-manifests\hw-6\delivery-api-chart\templates\service.yaml
	EndProjectSection
EndProject
Project("{2150E333-8FDC-42A3-9474-1A3956D46DE8}") = "templates", "templates", "{36BE2288-77EB-4DDB-8656-67CCB2DAEF87}"
	ProjectSection(SolutionItems) = preProject
		k8s-manifests\hw-6\stock-api-chart\templates\config.yaml = k8s-manifests\hw-6\stock-api-chart\templates\config.yaml
		k8s-manifests\hw-6\stock-api-chart\templates\deployment.yaml = k8s-manifests\hw-6\stock-api-chart\templates\deployment.yaml
		k8s-manifests\hw-6\stock-api-chart\templates\ingress.yaml = k8s-manifests\hw-6\stock-api-chart\templates\ingress.yaml
		k8s-manifests\hw-6\stock-api-chart\templates\service.yaml = k8s-manifests\hw-6\stock-api-chart\templates\service.yaml
	EndProjectSection
EndProject
Project("{2150E333-8FDC-42A3-9474-1A3956D46DE8}") = "project", "project", "{DD0C0AEA-E856-430D-8D1C-9974CE2A842A}"
EndProject
Project("{FAE04EC0-301F-11D3-BF4B-00C04F79EFBC}") = "Otus.Diploma.Domain", "Otus.Diploma.Domain\Otus.Diploma.Domain.csproj", "{0B8CA49C-1450-48E2-BA63-60EA4316FB64}"
EndProject
Project("{FAE04EC0-301F-11D3-BF4B-00C04F79EFBC}") = "Otus.Diploma.Orm", "Otus.Diploma.Orm\Otus.Diploma.Orm.csproj", "{2CBDF7A2-A66F-4D2D-B85F-3B96E30FEFFC}"
EndProject
Project("{FAE04EC0-301F-11D3-BF4B-00C04F79EFBC}") = "Otus.Diploma.AuthApi", "Otus.Diploma.AuthApi\Otus.Diploma.AuthApi.csproj", "{22EABE84-268A-43F3-9483-F2F526A1CA47}"
EndProject
Global
	GlobalSection(SolutionConfigurationPlatforms) = preSolution
		Debug|Any CPU = Debug|Any CPU
		Release|Any CPU = Release|Any CPU
	EndGlobalSection
	GlobalSection(ProjectConfigurationPlatforms) = postSolution
		{BE21B1B4-BBB2-4328-96A8-3B42C31A0ACB}.Debug|Any CPU.ActiveCfg = Debug|Any CPU
		{BE21B1B4-BBB2-4328-96A8-3B42C31A0ACB}.Debug|Any CPU.Build.0 = Debug|Any CPU
		{BE21B1B4-BBB2-4328-96A8-3B42C31A0ACB}.Release|Any CPU.ActiveCfg = Release|Any CPU
		{BE21B1B4-BBB2-4328-96A8-3B42C31A0ACB}.Release|Any CPU.Build.0 = Release|Any CPU
		{A800B9D8-9657-4179-B324-BA784D641124}.Debug|Any CPU.ActiveCfg = Debug|Any CPU
		{A800B9D8-9657-4179-B324-BA784D641124}.Debug|Any CPU.Build.0 = Debug|Any CPU
		{A800B9D8-9657-4179-B324-BA784D641124}.Release|Any CPU.ActiveCfg = Release|Any CPU
		{A800B9D8-9657-4179-B324-BA784D641124}.Release|Any CPU.Build.0 = Release|Any CPU
		{85771DB9-C54F-418A-8195-4258FE80DB12}.Debug|Any CPU.ActiveCfg = Debug|Any CPU
		{85771DB9-C54F-418A-8195-4258FE80DB12}.Debug|Any CPU.Build.0 = Debug|Any CPU
		{85771DB9-C54F-418A-8195-4258FE80DB12}.Release|Any CPU.ActiveCfg = Release|Any CPU
		{85771DB9-C54F-418A-8195-4258FE80DB12}.Release|Any CPU.Build.0 = Release|Any CPU
		{1B604824-FDAB-4BE1-8EF6-088E9ED38896}.Debug|Any CPU.ActiveCfg = Debug|Any CPU
		{1B604824-FDAB-4BE1-8EF6-088E9ED38896}.Debug|Any CPU.Build.0 = Debug|Any CPU
		{1B604824-FDAB-4BE1-8EF6-088E9ED38896}.Release|Any CPU.ActiveCfg = Release|Any CPU
		{1B604824-FDAB-4BE1-8EF6-088E9ED38896}.Release|Any CPU.Build.0 = Release|Any CPU
		{B7838A37-3AAA-4489-BE9D-C58596938EAE}.Debug|Any CPU.ActiveCfg = Debug|Any CPU
		{B7838A37-3AAA-4489-BE9D-C58596938EAE}.Debug|Any CPU.Build.0 = Debug|Any CPU
		{B7838A37-3AAA-4489-BE9D-C58596938EAE}.Release|Any CPU.ActiveCfg = Release|Any CPU
		{B7838A37-3AAA-4489-BE9D-C58596938EAE}.Release|Any CPU.Build.0 = Release|Any CPU
		{002F1A27-A090-47A8-AB69-D56ABBE87FFF}.Debug|Any CPU.ActiveCfg = Debug|Any CPU
		{002F1A27-A090-47A8-AB69-D56ABBE87FFF}.Debug|Any CPU.Build.0 = Debug|Any CPU
		{002F1A27-A090-47A8-AB69-D56ABBE87FFF}.Release|Any CPU.ActiveCfg = Release|Any CPU
		{002F1A27-A090-47A8-AB69-D56ABBE87FFF}.Release|Any CPU.Build.0 = Release|Any CPU
		{CF2475AA-6FDE-4D64-84F1-C4098E61B296}.Debug|Any CPU.ActiveCfg = Debug|Any CPU
		{CF2475AA-6FDE-4D64-84F1-C4098E61B296}.Debug|Any CPU.Build.0 = Debug|Any CPU
		{CF2475AA-6FDE-4D64-84F1-C4098E61B296}.Release|Any CPU.ActiveCfg = Release|Any CPU
		{CF2475AA-6FDE-4D64-84F1-C4098E61B296}.Release|Any CPU.Build.0 = Release|Any CPU
		{91BF443A-252B-4DF5-84C5-8D6ABEC84F72}.Debug|Any CPU.ActiveCfg = Debug|Any CPU
		{91BF443A-252B-4DF5-84C5-8D6ABEC84F72}.Debug|Any CPU.Build.0 = Debug|Any CPU
		{91BF443A-252B-4DF5-84C5-8D6ABEC84F72}.Release|Any CPU.ActiveCfg = Release|Any CPU
		{91BF443A-252B-4DF5-84C5-8D6ABEC84F72}.Release|Any CPU.Build.0 = Release|Any CPU
		{1812485D-A28E-4552-A11F-FB3BA1542E3A}.Debug|Any CPU.ActiveCfg = Debug|Any CPU
		{1812485D-A28E-4552-A11F-FB3BA1542E3A}.Debug|Any CPU.Build.0 = Debug|Any CPU
		{1812485D-A28E-4552-A11F-FB3BA1542E3A}.Release|Any CPU.ActiveCfg = Release|Any CPU
		{1812485D-A28E-4552-A11F-FB3BA1542E3A}.Release|Any CPU.Build.0 = Release|Any CPU
		{2BA2B4C8-A4D9-49A3-8FB9-8445EC4C7005}.Debug|Any CPU.ActiveCfg = Debug|Any CPU
		{2BA2B4C8-A4D9-49A3-8FB9-8445EC4C7005}.Debug|Any CPU.Build.0 = Debug|Any CPU
		{2BA2B4C8-A4D9-49A3-8FB9-8445EC4C7005}.Release|Any CPU.ActiveCfg = Release|Any CPU
		{2BA2B4C8-A4D9-49A3-8FB9-8445EC4C7005}.Release|Any CPU.Build.0 = Release|Any CPU
		{A2F8F60A-7625-4CA3-B7C0-3B5F42C6350C}.Debug|Any CPU.ActiveCfg = Debug|Any CPU
		{A2F8F60A-7625-4CA3-B7C0-3B5F42C6350C}.Debug|Any CPU.Build.0 = Debug|Any CPU
		{A2F8F60A-7625-4CA3-B7C0-3B5F42C6350C}.Release|Any CPU.ActiveCfg = Release|Any CPU
		{A2F8F60A-7625-4CA3-B7C0-3B5F42C6350C}.Release|Any CPU.Build.0 = Release|Any CPU
		{0B8CA49C-1450-48E2-BA63-60EA4316FB64}.Debug|Any CPU.ActiveCfg = Debug|Any CPU
		{0B8CA49C-1450-48E2-BA63-60EA4316FB64}.Debug|Any CPU.Build.0 = Debug|Any CPU
		{0B8CA49C-1450-48E2-BA63-60EA4316FB64}.Release|Any CPU.ActiveCfg = Release|Any CPU
		{0B8CA49C-1450-48E2-BA63-60EA4316FB64}.Release|Any CPU.Build.0 = Release|Any CPU
		{2CBDF7A2-A66F-4D2D-B85F-3B96E30FEFFC}.Debug|Any CPU.ActiveCfg = Debug|Any CPU
		{2CBDF7A2-A66F-4D2D-B85F-3B96E30FEFFC}.Debug|Any CPU.Build.0 = Debug|Any CPU
		{2CBDF7A2-A66F-4D2D-B85F-3B96E30FEFFC}.Release|Any CPU.ActiveCfg = Release|Any CPU
		{2CBDF7A2-A66F-4D2D-B85F-3B96E30FEFFC}.Release|Any CPU.Build.0 = Release|Any CPU
		{22EABE84-268A-43F3-9483-F2F526A1CA47}.Debug|Any CPU.ActiveCfg = Debug|Any CPU
		{22EABE84-268A-43F3-9483-F2F526A1CA47}.Debug|Any CPU.Build.0 = Debug|Any CPU
		{22EABE84-268A-43F3-9483-F2F526A1CA47}.Release|Any CPU.ActiveCfg = Release|Any CPU
		{22EABE84-268A-43F3-9483-F2F526A1CA47}.Release|Any CPU.Build.0 = Release|Any CPU
	EndGlobalSection
	GlobalSection(SolutionProperties) = preSolution
		HideSolutionNode = FALSE
	EndGlobalSection
	GlobalSection(NestedProjects) = preSolution
		{BE21B1B4-BBB2-4328-96A8-3B42C31A0ACB} = {A6F1B505-8977-4499-B203-E77472EAF233}
		{FDB9E4EA-896C-46A6-BB00-7D6F171D5622} = {C551978A-7083-4248-933C-CA5B1DD27C8F}
		{62192023-EA97-49E0-80DE-E95F0824C7B9} = {C551978A-7083-4248-933C-CA5B1DD27C8F}
		{A800B9D8-9657-4179-B324-BA784D641124} = {A6F1B505-8977-4499-B203-E77472EAF233}
		{85771DB9-C54F-418A-8195-4258FE80DB12} = {A6F1B505-8977-4499-B203-E77472EAF233}
		{1B604824-FDAB-4BE1-8EF6-088E9ED38896} = {A6F1B505-8977-4499-B203-E77472EAF233}
		{2AC8EA72-0622-4B1B-84B6-98B0CBB6DD1B} = {62192023-EA97-49E0-80DE-E95F0824C7B9}
		{ADFC092E-3EE0-433C-96BD-A30D3C71453A} = {2AC8EA72-0622-4B1B-84B6-98B0CBB6DD1B}
		{065CF99C-4C5C-4C96-A9CA-BCF7C0CACCE5} = {62192023-EA97-49E0-80DE-E95F0824C7B9}
		{69BCB07E-FAA0-4F94-80C9-736C6F34B4DB} = {C551978A-7083-4248-933C-CA5B1DD27C8F}
		{6AEDB7C7-E2E8-47CA-87D8-4BA13F1BF125} = {69BCB07E-FAA0-4F94-80C9-736C6F34B4DB}
		{58539CD0-3C34-481A-949E-B7B5D3DDF004} = {69BCB07E-FAA0-4F94-80C9-736C6F34B4DB}
		{1C2F3222-FE66-4E92-87B0-2006C05C709E} = {C551978A-7083-4248-933C-CA5B1DD27C8F}
		{AECE64C1-FE33-4585-B23B-7AFD3AC554EA} = {1C2F3222-FE66-4E92-87B0-2006C05C709E}
		{AF1AB557-1146-47FF-B447-9A928D8D8C7E} = {1C2F3222-FE66-4E92-87B0-2006C05C709E}
		{C94DBAA3-3141-4E07-A2AE-EA9C5DD20961} = {C551978A-7083-4248-933C-CA5B1DD27C8F}
		{AA730BB2-FACD-4CEE-BA85-185115E5C713} = {C94DBAA3-3141-4E07-A2AE-EA9C5DD20961}
		{B7838A37-3AAA-4489-BE9D-C58596938EAE} = {A6F1B505-8977-4499-B203-E77472EAF233}
		{B32B43E7-1FDC-495E-BCF8-EC4233D5E214} = {AA730BB2-FACD-4CEE-BA85-185115E5C713}
		{EAB81FFD-4B37-4C5B-A331-4425ADB00EE9} = {C94DBAA3-3141-4E07-A2AE-EA9C5DD20961}
		{13C368A9-F1C0-447E-9577-DA9AEB934F6F} = {C94DBAA3-3141-4E07-A2AE-EA9C5DD20961}
		{C029201C-0BE8-47F5-B6AA-1553E7973A84} = {EAB81FFD-4B37-4C5B-A331-4425ADB00EE9}
		{002F1A27-A090-47A8-AB69-D56ABBE87FFF} = {A6F1B505-8977-4499-B203-E77472EAF233}
		{593CF09E-A9D5-479C-A0BF-10E14C9650C9} = {C551978A-7083-4248-933C-CA5B1DD27C8F}
		{CF2475AA-6FDE-4D64-84F1-C4098E61B296} = {A6F1B505-8977-4499-B203-E77472EAF233}
		{91BF443A-252B-4DF5-84C5-8D6ABEC84F72} = {A6F1B505-8977-4499-B203-E77472EAF233}
		{1812485D-A28E-4552-A11F-FB3BA1542E3A} = {A6F1B505-8977-4499-B203-E77472EAF233}
		{DBB0770E-D20A-40EF-8546-ADD3BB49A860} = {593CF09E-A9D5-479C-A0BF-10E14C9650C9}
		{08D23217-1D09-4717-B503-2B3852BB35F1} = {593CF09E-A9D5-479C-A0BF-10E14C9650C9}
		{75776B13-AE32-4258-8C68-B07BA2313068} = {593CF09E-A9D5-479C-A0BF-10E14C9650C9}
		{17199DC2-9BFD-4433-8A15-94788C73C513} = {75776B13-AE32-4258-8C68-B07BA2313068}
		{35D3EB27-9E42-49A7-B805-5C328FE4728A} = {08D23217-1D09-4717-B503-2B3852BB35F1}
		{E3EDAFAD-5E2B-484E-9A04-D0B85A1DEC8E} = {593CF09E-A9D5-479C-A0BF-10E14C9650C9}
		{0C8E13F7-7368-4CDE-AA6A-A12FC0D1326C} = {E3EDAFAD-5E2B-484E-9A04-D0B85A1DEC8E}
		{2CFC6458-FA88-4CA5-A609-650ABBFBD940} = {593CF09E-A9D5-479C-A0BF-10E14C9650C9}
		{DF5394F7-DF06-4620-BBC6-3EB5374E4B97} = {593CF09E-A9D5-479C-A0BF-10E14C9650C9}
		{5841A84D-FCDA-4ED5-9299-7AE2A94D3B79} = {DF5394F7-DF06-4620-BBC6-3EB5374E4B97}
		{416ECD86-83B0-4454-8320-56FA587217A6} = {593CF09E-A9D5-479C-A0BF-10E14C9650C9}
		{066720F4-A358-461E-AB91-2314BE8EDAC1} = {416ECD86-83B0-4454-8320-56FA587217A6}
		{766ECCCD-6BCE-478E-B924-6FB5A6799B76} = {C551978A-7083-4248-933C-CA5B1DD27C8F}
		{847C30E0-613C-4297-86DB-068D10D4DC92} = {C551978A-7083-4248-933C-CA5B1DD27C8F}
		{2BA2B4C8-A4D9-49A3-8FB9-8445EC4C7005} = {A6F1B505-8977-4499-B203-E77472EAF233}
		{A2F8F60A-7625-4CA3-B7C0-3B5F42C6350C} = {A6F1B505-8977-4499-B203-E77472EAF233}
		{542C2667-35C2-4705-9674-F39209BD679D} = {593CF09E-A9D5-479C-A0BF-10E14C9650C9}
		{580AB884-E0ED-4D2A-8377-033C6020DDBD} = {593CF09E-A9D5-479C-A0BF-10E14C9650C9}
		{B6ADCE66-C493-4986-9F6E-AD1AECD9D584} = {542C2667-35C2-4705-9674-F39209BD679D}
		{36BE2288-77EB-4DDB-8656-67CCB2DAEF87} = {580AB884-E0ED-4D2A-8377-033C6020DDBD}
		{DD0C0AEA-E856-430D-8D1C-9974CE2A842A} = {A6F1B505-8977-4499-B203-E77472EAF233}
		{0B8CA49C-1450-48E2-BA63-60EA4316FB64} = {DD0C0AEA-E856-430D-8D1C-9974CE2A842A}
		{2CBDF7A2-A66F-4D2D-B85F-3B96E30FEFFC} = {DD0C0AEA-E856-430D-8D1C-9974CE2A842A}
		{22EABE84-268A-43F3-9483-F2F526A1CA47} = {DD0C0AEA-E856-430D-8D1C-9974CE2A842A}
	EndGlobalSection
	GlobalSection(ExtensibilityGlobals) = postSolution
		SolutionGuid = {09AC5AEF-8184-4B6F-B206-05E1669237E9}
	EndGlobalSection
EndGlobal
